
Microsoft Visual Studio Solution File, Format Version 12.00
# Visual Studio Version 17
VisualStudioVersion = 17.9.34607.119
MinimumVisualStudioVersion = 10.0.40219.1
Project("{FAE04EC0-301F-11D3-BF4B-00C04F79EFBC}") = "LowiskoDesktopApp", "LowiskoDesktopApp.csproj", "{C54F4306-E645-4CC0-9619-84E45B07CC99}"
EndProject
Global
	GlobalSection(SolutionConfigurationPlatforms) = preSolution
		Debug|Any CPU = Debug|Any CPU
		Release|Any CPU = Release|Any CPU
	EndGlobalSection
	GlobalSection(ProjectConfigurationPlatforms) = postSolution
		{C54F4306-E645-4CC0-9619-84E45B07CC99}.Debug|Any CPU.ActiveCfg = Debug|Any CPU
		{C54F4306-E645-4CC0-9619-84E45B07CC99}.Debug|Any CPU.Build.0 = Debug|Any CPU
		{C54F4306-E645-4CC0-9619-84E45B07CC99}.Release|Any CPU.ActiveCfg = Release|Any CPU
		{C54F4306-E645-4CC0-9619-84E45B07CC99}.Release|Any CPU.Build.0 = Release|Any CPU
	EndGlobalSection
	GlobalSection(SolutionProperties) = preSolution
		HideSolutionNode = FALSE
	EndGlobalSection
	GlobalSection(ExtensibilityGlobals) = postSolution
		SolutionGuid = {3F8D9227-BEE5-46E4-B6C2-D8274440AB05}
	EndGlobalSection
EndGlobal
